
Microsoft Visual Studio Solution File, Format Version 12.00
# Visual Studio 15
VisualStudioVersion = 15.0.28010.2026
MinimumVisualStudioVersion = 10.0.40219.1
Project("{FAE04EC0-301F-11D3-BF4B-00C04F79EFBC}") = "Authentication", "Authentication\Authentication.csproj", "{B014B452-17CB-4464-AECD-2391F83F6725}"
EndProject
Project("{FAE04EC0-301F-11D3-BF4B-00C04F79EFBC}") = "Mvc5Auth", "Mvc5Auth\Mvc5Auth.csproj", "{45D019ED-3821-4755-A9FB-380599DA0091}"
EndProject
Project("{9A19103F-16F7-4668-BE54-9A1E7A4F7556}") = "IdentityServer", "IdetityServer\IdentityServer.csproj", "{12B18E53-3D5D-4873-80DB-0BDF792F6185}"
EndProject
Project("{9A19103F-16F7-4668-BE54-9A1E7A4F7556}") = "MVC_Client", "MVC_Client\MVC_Client.csproj", "{A7A6F2C3-E11B-42EC-83DB-4DD9042097BA}"
EndProject
Project("{2150E333-8FDC-42A3-9474-1A3956D46DE8}") = "Samples", "Samples", "{457DD442-12A6-4463-8A19-CA67CC277328}"
EndProject
Project("{FAE04EC0-301F-11D3-BF4B-00C04F79EFBC}") = "MvcIdentityServer", "MvcIdentityServer\MvcIdentityServer.csproj", "{00A15042-ED7F-49C9-A256-AC87CFAE331D}"
EndProject
Project("{9A19103F-16F7-4668-BE54-9A1E7A4F7556}") = "ActiveDirectoryTest", "ActiveDirectoryTest\ActiveDirectoryTest.csproj", "{4A65355E-1A52-43B2-9338-AEBBBAD13616}"
EndProject
Project("{FAE04EC0-301F-11D3-BF4B-00C04F79EFBC}") = "FormsAuthFFClient", "FormsAuthFFClient\FormsAuthFFClient.csproj", "{14E768D9-C5E3-4874-B6C1-FD3D9B284B22}"
EndProject
Global
	GlobalSection(SolutionConfigurationPlatforms) = preSolution
		Debug|Any CPU = Debug|Any CPU
		Release|Any CPU = Release|Any CPU
	EndGlobalSection
	GlobalSection(ProjectConfigurationPlatforms) = postSolution
		{B014B452-17CB-4464-AECD-2391F83F6725}.Debug|Any CPU.ActiveCfg = Debug|Any CPU
		{B014B452-17CB-4464-AECD-2391F83F6725}.Debug|Any CPU.Build.0 = Debug|Any CPU
		{B014B452-17CB-4464-AECD-2391F83F6725}.Release|Any CPU.ActiveCfg = Release|Any CPU
		{B014B452-17CB-4464-AECD-2391F83F6725}.Release|Any CPU.Build.0 = Release|Any CPU
		{45D019ED-3821-4755-A9FB-380599DA0091}.Debug|Any CPU.ActiveCfg = Debug|Any CPU
		{45D019ED-3821-4755-A9FB-380599DA0091}.Debug|Any CPU.Build.0 = Debug|Any CPU
		{45D019ED-3821-4755-A9FB-380599DA0091}.Release|Any CPU.ActiveCfg = Release|Any CPU
		{45D019ED-3821-4755-A9FB-380599DA0091}.Release|Any CPU.Build.0 = Release|Any CPU
		{12B18E53-3D5D-4873-80DB-0BDF792F6185}.Debug|Any CPU.ActiveCfg = Debug|Any CPU
		{12B18E53-3D5D-4873-80DB-0BDF792F6185}.Debug|Any CPU.Build.0 = Debug|Any CPU
		{12B18E53-3D5D-4873-80DB-0BDF792F6185}.Release|Any CPU.ActiveCfg = Release|Any CPU
		{12B18E53-3D5D-4873-80DB-0BDF792F6185}.Release|Any CPU.Build.0 = Release|Any CPU
		{A7A6F2C3-E11B-42EC-83DB-4DD9042097BA}.Debug|Any CPU.ActiveCfg = Debug|Any CPU
		{A7A6F2C3-E11B-42EC-83DB-4DD9042097BA}.Debug|Any CPU.Build.0 = Debug|Any CPU
		{A7A6F2C3-E11B-42EC-83DB-4DD9042097BA}.Release|Any CPU.ActiveCfg = Release|Any CPU
		{A7A6F2C3-E11B-42EC-83DB-4DD9042097BA}.Release|Any CPU.Build.0 = Release|Any CPU
		{00A15042-ED7F-49C9-A256-AC87CFAE331D}.Debug|Any CPU.ActiveCfg = Debug|Any CPU
		{00A15042-ED7F-49C9-A256-AC87CFAE331D}.Debug|Any CPU.Build.0 = Debug|Any CPU
		{00A15042-ED7F-49C9-A256-AC87CFAE331D}.Release|Any CPU.ActiveCfg = Release|Any CPU
		{00A15042-ED7F-49C9-A256-AC87CFAE331D}.Release|Any CPU.Build.0 = Release|Any CPU
		{4A65355E-1A52-43B2-9338-AEBBBAD13616}.Debug|Any CPU.ActiveCfg = Debug|Any CPU
		{4A65355E-1A52-43B2-9338-AEBBBAD13616}.Debug|Any CPU.Build.0 = Debug|Any CPU
		{4A65355E-1A52-43B2-9338-AEBBBAD13616}.Release|Any CPU.ActiveCfg = Release|Any CPU
		{4A65355E-1A52-43B2-9338-AEBBBAD13616}.Release|Any CPU.Build.0 = Release|Any CPU
		{14E768D9-C5E3-4874-B6C1-FD3D9B284B22}.Debug|Any CPU.ActiveCfg = Debug|Any CPU
		{14E768D9-C5E3-4874-B6C1-FD3D9B284B22}.Debug|Any CPU.Build.0 = Debug|Any CPU
		{14E768D9-C5E3-4874-B6C1-FD3D9B284B22}.Release|Any CPU.ActiveCfg = Release|Any CPU
		{14E768D9-C5E3-4874-B6C1-FD3D9B284B22}.Release|Any CPU.Build.0 = Release|Any CPU
	EndGlobalSection
	GlobalSection(SolutionProperties) = preSolution
		HideSolutionNode = FALSE
	EndGlobalSection
	GlobalSection(NestedProjects) = preSolution
		{A7A6F2C3-E11B-42EC-83DB-4DD9042097BA} = {457DD442-12A6-4463-8A19-CA67CC277328}
		{00A15042-ED7F-49C9-A256-AC87CFAE331D} = {457DD442-12A6-4463-8A19-CA67CC277328}
		{14E768D9-C5E3-4874-B6C1-FD3D9B284B22} = {457DD442-12A6-4463-8A19-CA67CC277328}
	EndGlobalSection
	GlobalSection(ExtensibilityGlobals) = postSolution
		SolutionGuid = {30DFADA5-0321-47AE-9F31-10970F3FFE09}
	EndGlobalSection
EndGlobal
