
Microsoft Visual Studio Solution File, Format Version 12.00
# Visual Studio 15
VisualStudioVersion = 15.0.28010.2026
MinimumVisualStudioVersion = 10.0.40219.1
Project("{FAE04EC0-301F-11D3-BF4B-00C04F79EFBC}") = "Authentication", "Authentication\Authentication.csproj", "{B014B452-17CB-4464-AECD-2391F83F6725}"
EndProject
Project("{FAE04EC0-301F-11D3-BF4B-00C04F79EFBC}") = "WebApplicationAuthentication", "WebApplicationAuthentication\WebApplicationAuthentication.csproj", "{0D173F3A-51CF-4C08-8712-6898E25AF748}"
EndProject
Project("{FAE04EC0-301F-11D3-BF4B-00C04F79EFBC}") = "Mvc5Auth", "Mvc5Auth\Mvc5Auth.csproj", "{45D019ED-3821-4755-A9FB-380599DA0091}"
EndProject
Project("{9A19103F-16F7-4668-BE54-9A1E7A4F7556}") = "QuickstartIdentityServer4", "QuickstartIdentityServer\QuickstartIdentityServer4.csproj", "{0156FC52-8503-4A19-B6B9-B85C8DAABE5D}"
EndProject
Global
	GlobalSection(SolutionConfigurationPlatforms) = preSolution
		Debug|Any CPU = Debug|Any CPU
		Release|Any CPU = Release|Any CPU
	EndGlobalSection
	GlobalSection(ProjectConfigurationPlatforms) = postSolution
		{B014B452-17CB-4464-AECD-2391F83F6725}.Debug|Any CPU.ActiveCfg = Debug|Any CPU
		{B014B452-17CB-4464-AECD-2391F83F6725}.Debug|Any CPU.Build.0 = Debug|Any CPU
		{B014B452-17CB-4464-AECD-2391F83F6725}.Release|Any CPU.ActiveCfg = Release|Any CPU
		{B014B452-17CB-4464-AECD-2391F83F6725}.Release|Any CPU.Build.0 = Release|Any CPU
		{0D173F3A-51CF-4C08-8712-6898E25AF748}.Debug|Any CPU.ActiveCfg = Debug|Any CPU
		{0D173F3A-51CF-4C08-8712-6898E25AF748}.Debug|Any CPU.Build.0 = Debug|Any CPU
		{0D173F3A-51CF-4C08-8712-6898E25AF748}.Release|Any CPU.ActiveCfg = Release|Any CPU
		{0D173F3A-51CF-4C08-8712-6898E25AF748}.Release|Any CPU.Build.0 = Release|Any CPU
		{45D019ED-3821-4755-A9FB-380599DA0091}.Debug|Any CPU.ActiveCfg = Debug|Any CPU
		{45D019ED-3821-4755-A9FB-380599DA0091}.Debug|Any CPU.Build.0 = Debug|Any CPU
		{45D019ED-3821-4755-A9FB-380599DA0091}.Release|Any CPU.ActiveCfg = Release|Any CPU
		{45D019ED-3821-4755-A9FB-380599DA0091}.Release|Any CPU.Build.0 = Release|Any CPU
		{0156FC52-8503-4A19-B6B9-B85C8DAABE5D}.Debug|Any CPU.ActiveCfg = Debug|Any CPU
		{0156FC52-8503-4A19-B6B9-B85C8DAABE5D}.Debug|Any CPU.Build.0 = Debug|Any CPU
		{0156FC52-8503-4A19-B6B9-B85C8DAABE5D}.Release|Any CPU.ActiveCfg = Release|Any CPU
		{0156FC52-8503-4A19-B6B9-B85C8DAABE5D}.Release|Any CPU.Build.0 = Release|Any CPU
	EndGlobalSection
	GlobalSection(SolutionProperties) = preSolution
		HideSolutionNode = FALSE
	EndGlobalSection
	GlobalSection(ExtensibilityGlobals) = postSolution
		SolutionGuid = {30DFADA5-0321-47AE-9F31-10970F3FFE09}
	EndGlobalSection
EndGlobal
